neilpa.me/go-x v0.2.0 h1:GbLRDtAZ9MgVrwrIe3jWnHF2W40LCFA9Ng/aDbd9GVs=
neilpa.me/go-x v0.2.0/go.mod h1:aIemU+pQYLLV3dygXotHKF7SantXe5HzZR6VIjzY/4g=
neilpa.me/go-x v0.2.1-0.20200507232743-5243b9624d5e h1:+O171A50t9HKAT8lpmTeTVscpTNYUvwDlPvOAOpgq/E=
neilpa.me/go-x v0.2.1-0.20200507232743-5243b9624d5e/go.mod h1:aIemU+pQYLLV3dygXotHKF7SantXe5HzZR6VIjzY/4g=
